
Microsoft Visual Studio Solution File, Format Version 12.00
# Visual Studio Version 17
VisualStudioVersion = 17.7.34202.233
MinimumVisualStudioVersion = 10.0.40219.1
Project("{FAE04EC0-301F-11D3-BF4B-00C04F79EFBC}") = "NTPHAFTA5", "NTPHAFTA5\NTPHAFTA5.csproj", "{3AF4330B-F3AD-4551-8764-853B63CD450B}"
EndProject
Project("{FAE04EC0-301F-11D3-BF4B-00C04F79EFBC}") = "Matematiksel_İslemler", "Matematiksel_İslemler\Matematiksel_İslemler.csproj", "{84CAE734-A63C-4C8A-A78C-C2F0CB1687F9}"
EndProject
Global
	GlobalSection(SolutionConfigurationPlatforms) = preSolution
		Debug|Any CPU = Debug|Any CPU
		Release|Any CPU = Release|Any CPU
	EndGlobalSection
	GlobalSection(ProjectConfigurationPlatforms) = postSolution
		{3AF4330B-F3AD-4551-8764-853B63CD450B}.Debug|Any CPU.ActiveCfg = Debug|Any CPU
		{3AF4330B-F3AD-4551-8764-853B63CD450B}.Debug|Any CPU.Build.0 = Debug|Any CPU
		{3AF4330B-F3AD-4551-8764-853B63CD450B}.Release|Any CPU.ActiveCfg = Release|Any CPU
		{3AF4330B-F3AD-4551-8764-853B63CD450B}.Release|Any CPU.Build.0 = Release|Any CPU
		{84CAE734-A63C-4C8A-A78C-C2F0CB1687F9}.Debug|Any CPU.ActiveCfg = Debug|Any CPU
		{84CAE734-A63C-4C8A-A78C-C2F0CB1687F9}.Debug|Any CPU.Build.0 = Debug|Any CPU
		{84CAE734-A63C-4C8A-A78C-C2F0CB1687F9}.Release|Any CPU.ActiveCfg = Release|Any CPU
		{84CAE734-A63C-4C8A-A78C-C2F0CB1687F9}.Release|Any CPU.Build.0 = Release|Any CPU
	EndGlobalSection
	GlobalSection(SolutionProperties) = preSolution
		HideSolutionNode = FALSE
	EndGlobalSection
	GlobalSection(ExtensibilityGlobals) = postSolution
		SolutionGuid = {4D3A5B74-AFD2-4104-9DC4-47A35F10E4BD}
	EndGlobalSection
EndGlobal
