
Microsoft Visual Studio Solution File, Format Version 12.00
# Visual Studio Version 17
VisualStudioVersion = 17.8.34322.80
MinimumVisualStudioVersion = 10.0.40219.1
Project("{FAE04EC0-301F-11D3-BF4B-00C04F79EFBC}") = "Dictionary_", "Dictionary_.csproj", "{1203AA78-D8A8-4347-BD40-B3E10FB5C213}"
EndProject
Global
	GlobalSection(SolutionConfigurationPlatforms) = preSolution
		Debug|Any CPU = Debug|Any CPU
		Release|Any CPU = Release|Any CPU
	EndGlobalSection
	GlobalSection(ProjectConfigurationPlatforms) = postSolution
		{1203AA78-D8A8-4347-BD40-B3E10FB5C213}.Debug|Any CPU.ActiveCfg = Debug|Any CPU
		{1203AA78-D8A8-4347-BD40-B3E10FB5C213}.Debug|Any CPU.Build.0 = Debug|Any CPU
		{1203AA78-D8A8-4347-BD40-B3E10FB5C213}.Release|Any CPU.ActiveCfg = Release|Any CPU
		{1203AA78-D8A8-4347-BD40-B3E10FB5C213}.Release|Any CPU.Build.0 = Release|Any CPU
	EndGlobalSection
	GlobalSection(SolutionProperties) = preSolution
		HideSolutionNode = FALSE
	EndGlobalSection
	GlobalSection(ExtensibilityGlobals) = postSolution
		SolutionGuid = {561BA949-C31E-48D0-B89D-A8EE38DF7FCC}
	EndGlobalSection
EndGlobal
