
Microsoft Visual Studio Solution File, Format Version 12.00
# Visual Studio Version 17
VisualStudioVersion = 17.8.34322.80
MinimumVisualStudioVersion = 10.0.40219.1
Project("{FAE04EC0-301F-11D3-BF4B-00C04F79EFBC}") = "DateTimeExercises", "DateTimeExercises.csproj", "{BD9DA339-82B7-4F1F-89D2-49345011CC15}"
EndProject
Global
	GlobalSection(SolutionConfigurationPlatforms) = preSolution
		Debug|Any CPU = Debug|Any CPU
		Release|Any CPU = Release|Any CPU
	EndGlobalSection
	GlobalSection(ProjectConfigurationPlatforms) = postSolution
		{BD9DA339-82B7-4F1F-89D2-49345011CC15}.Debug|Any CPU.ActiveCfg = Debug|Any CPU
		{BD9DA339-82B7-4F1F-89D2-49345011CC15}.Debug|Any CPU.Build.0 = Debug|Any CPU
		{BD9DA339-82B7-4F1F-89D2-49345011CC15}.Release|Any CPU.ActiveCfg = Release|Any CPU
		{BD9DA339-82B7-4F1F-89D2-49345011CC15}.Release|Any CPU.Build.0 = Release|Any CPU
	EndGlobalSection
	GlobalSection(SolutionProperties) = preSolution
		HideSolutionNode = FALSE
	EndGlobalSection
	GlobalSection(ExtensibilityGlobals) = postSolution
		SolutionGuid = {D5CD5B2B-A6DE-47A3-9EAE-EC7287FF29F4}
	EndGlobalSection
EndGlobal
