
Microsoft Visual Studio Solution File, Format Version 12.00
# Visual Studio Version 17
VisualStudioVersion = 17.8.34322.80
MinimumVisualStudioVersion = 10.0.40219.1
Project("{FAE04EC0-301F-11D3-BF4B-00C04F79EFBC}") = "Stack_", "Stack_.csproj", "{432C8DB7-E34E-44F3-8CFF-1CB221361AAE}"
EndProject
Global
	GlobalSection(SolutionConfigurationPlatforms) = preSolution
		Debug|Any CPU = Debug|Any CPU
		Release|Any CPU = Release|Any CPU
	EndGlobalSection
	GlobalSection(ProjectConfigurationPlatforms) = postSolution
		{432C8DB7-E34E-44F3-8CFF-1CB221361AAE}.Debug|Any CPU.ActiveCfg = Debug|Any CPU
		{432C8DB7-E34E-44F3-8CFF-1CB221361AAE}.Debug|Any CPU.Build.0 = Debug|Any CPU
		{432C8DB7-E34E-44F3-8CFF-1CB221361AAE}.Release|Any CPU.ActiveCfg = Release|Any CPU
		{432C8DB7-E34E-44F3-8CFF-1CB221361AAE}.Release|Any CPU.Build.0 = Release|Any CPU
	EndGlobalSection
	GlobalSection(SolutionProperties) = preSolution
		HideSolutionNode = FALSE
	EndGlobalSection
	GlobalSection(ExtensibilityGlobals) = postSolution
		SolutionGuid = {9CDD3ECE-20D3-498F-8C46-11AD6EE3370A}
	EndGlobalSection
EndGlobal
