
Microsoft Visual Studio Solution File, Format Version 12.00
# Visual Studio Version 17
VisualStudioVersion = 17.6.33829.357
MinimumVisualStudioVersion = 10.0.40219.1
Project("{FAE04EC0-301F-11D3-BF4B-00C04F79EFBC}") = "NTPHAFTA2", "NTPHAFTA2\NTPHAFTA2.csproj", "{B2175090-115B-4877-93E4-10520F7B183E}"
EndProject
Global
	GlobalSection(SolutionConfigurationPlatforms) = preSolution
		Debug|Any CPU = Debug|Any CPU
		Release|Any CPU = Release|Any CPU
	EndGlobalSection
	GlobalSection(ProjectConfigurationPlatforms) = postSolution
		{B2175090-115B-4877-93E4-10520F7B183E}.Debug|Any CPU.ActiveCfg = Debug|Any CPU
		{B2175090-115B-4877-93E4-10520F7B183E}.Debug|Any CPU.Build.0 = Debug|Any CPU
		{B2175090-115B-4877-93E4-10520F7B183E}.Release|Any CPU.ActiveCfg = Release|Any CPU
		{B2175090-115B-4877-93E4-10520F7B183E}.Release|Any CPU.Build.0 = Release|Any CPU
	EndGlobalSection
	GlobalSection(SolutionProperties) = preSolution
		HideSolutionNode = FALSE
	EndGlobalSection
	GlobalSection(ExtensibilityGlobals) = postSolution
		SolutionGuid = {7526A0D9-CECD-4D90-8712-5A0BB2106418}
	EndGlobalSection
EndGlobal
